// !$*UTF8*$!
{
	archiveVersion = 1;
	classes = {
	};
	objectVersion = 50;
	objects = {

/* Begin PBXBuildFile section */
		255B24A0212CD20100FC959C /* AppDelegate.swift in Sources */ = {isa = PBXBuildFile; fileRef = 255B249F212CD20100FC959C /* AppDelegate.swift */; };
		255B24A2212CD20100FC959C /* ViewController.swift in Sources */ = {isa = PBXBuildFile; fileRef = 255B24A1212CD20100FC959C /* ViewController.swift */; };
		255B24A5212CD20100FC959C /* Main.storyboard in Resources */ = {isa = PBXBuildFile; fileRef = 255B24A3212CD20100FC959C /* Main.storyboard */; };
		255B24A7212CD20200FC959C /* Assets.xcassets in Resources */ = {isa = PBXBuildFile; fileRef = 255B24A6212CD20200FC959C /* Assets.xcassets */; };
		255B24AA212CD20200FC959C /* LaunchScreen.storyboard in Resources */ = {isa = PBXBuildFile; fileRef = 255B24A8212CD20200FC959C /* LaunchScreen.storyboard */; };
		255B24B5212CD20200FC959C /* GitCollabTests.swift in Sources */ = {isa = PBXBuildFile; fileRef = 255B24B4212CD20200FC959C /* GitCollabTests.swift */; };
		255B24C0212CD20200FC959C /* GitCollabUITests.swift in Sources */ = {isa = PBXBuildFile; fileRef = 255B24BF212CD20200FC959C /* GitCollabUITests.swift */; };
/* End PBXBuildFile section */

/* Begin PBXContainerItemProxy section */
		255B24B1212CD20200FC959C /* PBXContainerItemProxy */ = {
			isa = PBXContainerItemProxy;
			containerPortal = 255B2494212CD20100FC959C /* Project object */;
			proxyType = 1;
			remoteGlobalIDString = 255B249B212CD20100FC959C;
			remoteInfo = GitCollab;
		};
		255B24BC212CD20200FC959C /* PBXContainerItemProxy */ = {
			isa = PBXContainerItemProxy;
			containerPortal = 255B2494212CD20100FC959C /* Project object */;
			proxyType = 1;
			remoteGlobalIDString = 255B249B212CD20100FC959C;
			remoteInfo = GitCollab;
		};
/* End PBXContainerItemProxy section */

/* Begin PBXFileReference section */
		255B249C212CD20100FC959C /* GitCollab.app */ = {isa = PBXFileReference; explicitFileType = wrapper.application; includeInIndex = 0; path = GitCollab.app; sourceTree = BUILT_PRODUCTS_DIR; };
		255B249F212CD20100FC959C /* AppDelegate.swift */ = {isa = PBXFileReference; lastKnownFileType = sourcecode.swift; path = AppDelegate.swift; sourceTree = "<group>"; };
		255B24A1212CD20100FC959C /* ViewController.swift */ = {isa = PBXFileReference; lastKnownFileType = sourcecode.swift; path = ViewController.swift; sourceTree = "<group>"; };
		255B24A4212CD20100FC959C /* Base */ = {isa = PBXFileReference; lastKnownFileType = file.storyboard; name = Base; path = Base.lproj/Main.storyboard; sourceTree = "<group>"; };
		255B24A6212CD20200FC959C /* Assets.xcassets */ = {isa = PBXFileReference; lastKnownFileType = folder.assetcatalog; path = Assets.xcassets; sourceTree = "<group>"; };
		255B24A9212CD20200FC959C /* Base */ = {isa = PBXFileReference; lastKnownFileType = file.storyboard; name = Base; path = Base.lproj/LaunchScreen.storyboard; sourceTree = "<group>"; };
		255B24AB212CD20200FC959C /* Info.plist */ = {isa = PBXFileReference; lastKnownFileType = text.plist.xml; path = Info.plist; sourceTree = "<group>"; };
		255B24B0212CD20200FC959C /* GitCollabTests.xctest */ = {isa = PBXFileReference; explicitFileType = wrapper.cfbundle; includeInIndex = 0; path = GitCollabTests.xctest; sourceTree = BUILT_PRODUCTS_DIR; };
		255B24B4212CD20200FC959C /* GitCollabTests.swift */ = {isa = PBXFileReference; lastKnownFileType = sourcecode.swift; path = GitCollabTests.swift; sourceTree = "<group>"; };
		255B24B6212CD20200FC959C /* Info.plist */ = {isa = PBXFileReference; lastKnownFileType = text.plist.xml; path = Info.plist; sourceTree = "<group>"; };
		255B24BB212CD20200FC959C /* GitCollabUITests.xctest */ = {isa = PBXFileReference; explicitFileType = wrapper.cfbundle; includeInIndex = 0; path = GitCollabUITests.xctest; sourceTree = BUILT_PRODUCTS_DIR; };
		255B24BF212CD20200FC959C /* GitCollabUITests.swift */ = {isa = PBXFileReference; lastKnownFileType = sourcecode.swift; path = GitCollabUITests.swift; sourceTree = "<group>"; };
		255B24C1212CD20200FC959C /* Info.plist */ = {isa = PBXFileReference; lastKnownFileType = text.plist.xml; path = Info.plist; sourceTree = "<group>"; };
/* End PBXFileReference section */

/* Begin PBXFrameworksBuildPhase section */
		255B2499212CD20100FC959C /* Frameworks */ = {
			isa = PBXFrameworksBuildPhase;
			buildActionMask = 2147483647;
			files = (
			);
			runOnlyForDeploymentPostprocessing = 0;
		};
		255B24AD212CD20200FC959C /* Frameworks */ = {
			isa = PBXFrameworksBuildPhase;
			buildActionMask = 2147483647;
			files = (
			);
			runOnlyForDeploymentPostprocessing = 0;
		};
		255B24B8212CD20200FC959C /* Frameworks */ = {
			isa = PBXFrameworksBuildPhase;
			buildActionMask = 2147483647;
			files = (
			);
			runOnlyForDeploymentPostprocessing = 0;
		};
/* End PBXFrameworksBuildPhase section */

/* Begin PBXGroup section */
		255B2493212CD20100FC959C = {
			isa = PBXGroup;
			children = (
				255B249E212CD20100FC959C /* GitCollab */,
				255B24B3212CD20200FC959C /* GitCollabTests */,
				255B24BE212CD20200FC959C /* GitCollabUITests */,
				255B249D212CD20100FC959C /* Products */,
			);
			sourceTree = "<group>";
		};
		255B249D212CD20100FC959C /* Products */ = {
			isa = PBXGroup;
			children = (
				255B249C212CD20100FC959C /* GitCollab.app */,
				255B24B0212CD20200FC959C /* GitCollabTests.xctest */,
				255B24BB212CD20200FC959C /* GitCollabUITests.xctest */,
			);
			name = Products;
			sourceTree = "<group>";
		};
		255B249E212CD20100FC959C /* GitCollab */ = {
			isa = PBXGroup;
			children = (
				255B249F212CD20100FC959C /* AppDelegate.swift */,
				255B24A1212CD20100FC959C /* ViewController.swift */,
				255B24A3212CD20100FC959C /* Main.storyboard */,
				255B24A6212CD20200FC959C /* Assets.xcassets */,
				255B24A8212CD20200FC959C /* LaunchScreen.storyboard */,
				255B24AB212CD20200FC959C /* Info.plist */,
			);
			path = GitCollab;
			sourceTree = "<group>";
		};
		255B24B3212CD20200FC959C /* GitCollabTests */ = {
			isa = PBXGroup;
			children = (
				255B24B4212CD20200FC959C /* GitCollabTests.swift */,
				255B24B6212CD20200FC959C /* Info.plist */,
			);
			path = GitCollabTests;
			sourceTree = "<group>";
		};
		255B24BE212CD20200FC959C /* GitCollabUITests */ = {
			isa = PBXGroup;
			children = (
				255B24BF212CD20200FC959C /* GitCollabUITests.swift */,
				255B24C1212CD20200FC959C /* Info.plist */,
			);
			path = GitCollabUITests;
			sourceTree = "<group>";
		};
/* End PBXGroup section */

/* Begin PBXNativeTarget section */
		255B249B212CD20100FC959C /* GitCollab */ = {
			isa = PBXNativeTarget;
			buildConfigurationList = 255B24C4212CD20200FC959C /* Build configuration list for PBXNativeTarget "GitCollab" */;
			buildPhases = (
				255B2498212CD20100FC959C /* Sources */,
				255B2499212CD20100FC959C /* Frameworks */,
				255B249A212CD20100FC959C /* Resources */,
			);
			buildRules = (
			);
			dependencies = (
			);
			name = GitCollab;
			productName = GitCollab;
			productReference = 255B249C212CD20100FC959C /* GitCollab.app */;
			productType = "com.apple.product-type.application";
		};
		255B24AF212CD20200FC959C /* GitCollabTests */ = {
			isa = PBXNativeTarget;
			buildConfigurationList = 255B24C7212CD20200FC959C /* Build configuration list for PBXNativeTarget "GitCollabTests" */;
			buildPhases = (
				255B24AC212CD20200FC959C /* Sources */,
				255B24AD212CD20200FC959C /* Frameworks */,
				255B24AE212CD20200FC959C /* Resources */,
			);
			buildRules = (
			);
			dependencies = (
				255B24B2212CD20200FC959C /* PBXTargetDependency */,
			);
			name = GitCollabTests;
			productName = GitCollabTests;
			productReference = 255B24B0212CD20200FC959C /* GitCollabTests.xctest */;
			productType = "com.apple.product-type.bundle.unit-test";
		};
		255B24BA212CD20200FC959C /* GitCollabUITests */ = {
			isa = PBXNativeTarget;
			buildConfigurationList = 255B24CA212CD20200FC959C /* Build configuration list for PBXNativeTarget "GitCollabUITests" */;
			buildPhases = (
				255B24B7212CD20200FC959C /* Sources */,
				255B24B8212CD20200FC959C /* Frameworks */,
				255B24B9212CD20200FC959C /* Resources */,
			);
			buildRules = (
			);
			dependencies = (
				255B24BD212CD20200FC959C /* PBXTargetDependency */,
			);
			name = GitCollabUITests;
			productName = GitCollabUITests;
			productReference = 255B24BB212CD20200FC959C /* GitCollabUITests.xctest */;
			productType = "com.apple.product-type.bundle.ui-testing";
		};
/* End PBXNativeTarget section */

/* Begin PBXProject section */
		255B2494212CD20100FC959C /* Project object */ = {
			isa = PBXProject;
			attributes = {
				LastSwiftUpdateCheck = 0940;
				LastUpgradeCheck = 0940;
				ORGANIZATIONNAME = "Kyla ";
				TargetAttributes = {
					255B249B212CD20100FC959C = {
						CreatedOnToolsVersion = 9.4.1;
					};
					255B24AF212CD20200FC959C = {
						CreatedOnToolsVersion = 9.4.1;
						TestTargetID = 255B249B212CD20100FC959C;
					};
					255B24BA212CD20200FC959C = {
						CreatedOnToolsVersion = 9.4.1;
						TestTargetID = 255B249B212CD20100FC959C;
					};
				};
			};
			buildConfigurationList = 255B2497212CD20100FC959C /* Build configuration list for PBXProject "GitCollab" */;
			compatibilityVersion = "Xcode 9.3";
			developmentRegion = en;
			hasScannedForEncodings = 0;
			knownRegions = (
				en,
				Base,
			);
			mainGroup = 255B2493212CD20100FC959C;
			productRefGroup = 255B249D212CD20100FC959C /* Products */;
			projectDirPath = "";
			projectRoot = "";
			targets = (
				255B249B212CD20100FC959C /* GitCollab */,
				255B24AF212CD20200FC959C /* GitCollabTests */,
				255B24BA212CD20200FC959C /* GitCollabUITests */,
			);
		};
/* End PBXProject section */

/* Begin PBXResourcesBuildPhase section */
		255B249A212CD20100FC959C /* Resources */ = {
			isa = PBXResourcesBuildPhase;
			buildActionMask = 2147483647;
			files = (
				255B24AA212CD20200FC959C /* LaunchScreen.storyboard in Resources */,
				255B24A7212CD20200FC959C /* Assets.xcassets in Resources */,
				255B24A5212CD20100FC959C /* Main.storyboard in Resources */,
			);
			runOnlyForDeploymentPostprocessing = 0;
		};
		255B24AE212CD20200FC959C /* Resources */ = {
			isa = PBXResourcesBuildPhase;
			buildActionMask = 2147483647;
			files = (
			);
			runOnlyForDeploymentPostprocessing = 0;
		};
		255B24B9212CD20200FC959C /* Resources */ = {
			isa = PBXResourcesBuildPhase;
			buildActionMask = 2147483647;
			files = (
			);
			runOnlyForDeploymentPostprocessing = 0;
		};
/* End PBXResourcesBuildPhase section */

/* Begin PBXSourcesBuildPhase section */
		255B2498212CD20100FC959C /* Sources */ = {
			isa = PBXSourcesBuildPhase;
			buildActionMask = 2147483647;
			files = (
				255B24A2212CD20100FC959C /* ViewController.swift in Sources */,
				255B24A0212CD20100FC959C /* AppDelegate.swift in Sources */,
			);
			runOnlyForDeploymentPostprocessing = 0;
		};
		255B24AC212CD20200FC959C /* Sources */ = {
			isa = PBXSourcesBuildPhase;
			buildActionMask = 2147483647;
			files = (
				255B24B5212CD20200FC959C /* GitCollabTests.swift in Sources */,
			);
			runOnlyForDeploymentPostprocessing = 0;
		};
		255B24B7212CD20200FC959C /* Sources */ = {
			isa = PBXSourcesBuildPhase;
			buildActionMask = 2147483647;
			files = (
				255B24C0212CD20200FC959C /* GitCollabUITests.swift in Sources */,
			);
			runOnlyForDeploymentPostprocessing = 0;
		};
/* End PBXSourcesBuildPhase section */

/* Begin PBXTargetDependency section */
		255B24B2212CD20200FC959C /* PBXTargetDependency */ = {
			isa = PBXTargetDependency;
			target = 255B249B212CD20100FC959C /* GitCollab */;
			targetProxy = 255B24B1212CD20200FC959C /* PBXContainerItemProxy */;
		};
		255B24BD212CD20200FC959C /* PBXTargetDependency */ = {
			isa = PBXTargetDependency;
			target = 255B249B212CD20100FC959C /* GitCollab */;
			targetProxy = 255B24BC212CD20200FC959C /* PBXContainerItemProxy */;
		};
/* End PBXTargetDependency section */

/* Begin PBXVariantGroup section */
		255B24A3212CD20100FC959C /* Main.storyboard */ = {
			isa = PBXVariantGroup;
			children = (
				255B24A4212CD20100FC959C /* Base */,
			);
			name = Main.storyboard;
			sourceTree = "<group>";
		};
		255B24A8212CD20200FC959C /* LaunchScreen.storyboard */ = {
			isa = PBXVariantGroup;
			children = (
				255B24A9212CD20200FC959C /* Base */,
			);
			name = LaunchScreen.storyboard;
			sourceTree = "<group>";
		};
/* End PBXVariantGroup section */

/* Begin XCBuildConfiguration section */
		255B24C2212CD20200FC959C /* Debug */ = {
			isa = XCBuildConfiguration;
			buildSettings = {
				ALWAYS_SEARCH_USER_PATHS = NO;
				CLANG_ANALYZER_NONNULL = YES;
				CLANG_ANALYZER_NUMBER_OBJECT_CONVERSION = YES_AGGRESSIVE;
				CLANG_CXX_LANGUAGE_STANDARD = "gnu++14";
				CLANG_CXX_LIBRARY = "libc++";
				CLANG_ENABLE_MODULES = YES;
				CLANG_ENABLE_OBJC_ARC = YES;
				CLANG_ENABLE_OBJC_WEAK = YES;
				CLANG_WARN_BLOCK_CAPTURE_AUTORELEASING = YES;
				CLANG_WARN_BOOL_CONVERSION = YES;
				CLANG_WARN_COMMA = YES;
				CLANG_WARN_CONSTANT_CONVERSION = YES;
				CLANG_WARN_DEPRECATED_OBJC_IMPLEMENTATIONS = YES;
				CLANG_WARN_DIRECT_OBJC_ISA_USAGE = YES_ERROR;
				CLANG_WARN_DOCUMENTATION_COMMENTS = YES;
				CLANG_WARN_EMPTY_BODY = YES;
				CLANG_WARN_ENUM_CONVERSION = YES;
				CLANG_WARN_INFINITE_RECURSION = YES;
				CLANG_WARN_INT_CONVERSION = YES;
				CLANG_WARN_NON_LITERAL_NULL_CONVERSION = YES;
				CLANG_WARN_OBJC_IMPLICIT_RETAIN_SELF = YES;
				CLANG_WARN_OBJC_LITERAL_CONVERSION = YES;
				CLANG_WARN_OBJC_ROOT_CLASS = YES_ERROR;
				CLANG_WARN_RANGE_LOOP_ANALYSIS = YES;
				CLANG_WARN_STRICT_PROTOTYPES = YES;
				CLANG_WARN_SUSPICIOUS_MOVE = YES;
				CLANG_WARN_UNGUARDED_AVAILABILITY = YES_AGGRESSIVE;
				CLANG_WARN_UNREACHABLE_CODE = YES;
				CLANG_WARN__DUPLICATE_METHOD_MATCH = YES;
				CODE_SIGN_IDENTITY = "iPhone Developer";
				COPY_PHASE_STRIP = NO;
				DEBUG_INFORMATION_FORMAT = dwarf;
				ENABLE_STRICT_OBJC_MSGSEND = YES;
				ENABLE_TESTABILITY = YES;
				GCC_C_LANGUAGE_STANDARD = gnu11;
				GCC_DYNAMIC_NO_PIC = NO;
				GCC_NO_COMMON_BLOCKS = YES;
				GCC_OPTIMIZATION_LEVEL = 0;
				GCC_PREPROCESSOR_DEFINITIONS = (
					"DEBUG=1",
					"$(inherited)",
				);
				GCC_WARN_64_TO_32_BIT_CONVERSION = YES;
				GCC_WARN_ABOUT_RETURN_TYPE = YES_ERROR;
				GCC_WARN_UNDECLARED_SELECTOR = YES;
				GCC_WARN_UNINITIALIZED_AUTOS = YES_AGGRESSIVE;
				GCC_WARN_UNUSED_FUNCTION = YES;
				GCC_WARN_UNUSED_VARIABLE = YES;
				IPHONEOS_DEPLOYMENT_TARGET = 11.4;
				MTL_ENABLE_DEBUG_INFO = YES;
				ONLY_ACTIVE_ARCH = YES;
				SDKROOT = iphoneos;
				SWIFT_ACTIVE_COMPILATION_CONDITIONS = DEBUG;
				SWIFT_OPTIMIZATION_LEVEL = "-Onone";
			};
			name = Debug;
		};
		255B24C3212CD20200FC959C /* Release */ = {
			isa = XCBuildConfiguration;
			buildSettings = {
				ALWAYS_SEARCH_USER_PATHS = NO;
				CLANG_ANALYZER_NONNULL = YES;
				CLANG_ANALYZER_NUMBER_OBJECT_CONVERSION = YES_AGGRESSIVE;
				CLANG_CXX_LANGUAGE_STANDARD = "gnu++14";
				CLANG_CXX_LIBRARY = "libc++";
				CLANG_ENABLE_MODULES = YES;
				CLANG_ENABLE_OBJC_ARC = YES;
				CLANG_ENABLE_OBJC_WEAK = YES;
				CLANG_WARN_BLOCK_CAPTURE_AUTORELEASING = YES;
				CLANG_WARN_BOOL_CONVERSION = YES;
				CLANG_WARN_COMMA = YES;
				CLANG_WARN_CONSTANT_CONVERSION = YES;
				CLANG_WARN_DEPRECATED_OBJC_IMPLEMENTATIONS = YES;
				CLANG_WARN_DIRECT_OBJC_ISA_USAGE = YES_ERROR;
				CLANG_WARN_DOCUMENTATION_COMMENTS = YES;
				CLANG_WARN_EMPTY_BODY = YES;
				CLANG_WARN_ENUM_CONVERSION = YES;
				CLANG_WARN_INFINITE_RECURSION = YES;
				CLANG_WARN_INT_CONVERSION = YES;
				CLANG_WARN_NON_LITERAL_NULL_CONVERSION = YES;
				CLANG_WARN_OBJC_IMPLICIT_RETAIN_SELF = YES;
				CLANG_WARN_OBJC_LITERAL_CONVERSION = YES;
				CLANG_WARN_OBJC_ROOT_CLASS = YES_ERROR;
				CLANG_WARN_RANGE_LOOP_ANALYSIS = YES;
				CLANG_WARN_STRICT_PROTOTYPES = YES;
				CLANG_WARN_SUSPICIOUS_MOVE = YES;
				CLANG_WARN_UNGUARDED_AVAILABILITY = YES_AGGRESSIVE;
				CLANG_WARN_UNREACHABLE_CODE = YES;
				CLANG_WARN__DUPLICATE_METHOD_MATCH = YES;
				CODE_SIGN_IDENTITY = "iPhone Developer";
				COPY_PHASE_STRIP = NO;
				DEBUG_INFORMATION_FORMAT = "dwarf-with-dsym";
				ENABLE_NS_ASSERTIONS = NO;
				ENABLE_STRICT_OBJC_MSGSEND = YES;
				GCC_C_LANGUAGE_STANDARD = gnu11;
				GCC_NO_COMMON_BLOCKS = YES;
				GCC_WARN_64_TO_32_BIT_CONVERSION = YES;
				GCC_WARN_ABOUT_RETURN_TYPE = YES_ERROR;
				GCC_WARN_UNDECLARED_SELECTOR = YES;
				GCC_WARN_UNINITIALIZED_AUTOS = YES_AGGRESSIVE;
				GCC_WARN_UNUSED_FUNCTION = YES;
				GCC_WARN_UNUSED_VARIABLE = YES;
				IPHONEOS_DEPLOYMENT_TARGET = 11.4;
				MTL_ENABLE_DEBUG_INFO = NO;
				SDKROOT = iphoneos;
				SWIFT_COMPILATION_MODE = wholemodule;
				SWIFT_OPTIMIZATION_LEVEL = "-O";
				VALIDATE_PRODUCT = YES;
			};
			name = Release;
		};
		255B24C5212CD20200FC959C /* Debug */ = {
			isa = XCBuildConfiguration;
			buildSettings = {
				ASSETCATALOG_COMPILER_APPICON_NAME = AppIcon;
				CODE_SIGN_STYLE = Automatic;
				DEVELOPMENT_TEAM = 8457254V38;
				INFOPLIST_FILE = GitCollab/Info.plist;
				LD_RUNPATH_SEARCH_PATHS = (
					"$(inherited)",
					"@executable_path/Frameworks",
				);
				PRODUCT_BUNDLE_IDENTIFIER = Kyla.GitCollab;
				PRODUCT_NAME = "$(TARGET_NAME)";
				SWIFT_VERSION = 4.0;
				TARGETED_DEVICE_FAMILY = "1,2";
			};
			name = Debug;
		};
		255B24C6212CD20200FC959C /* Release */ = {
			isa = XCBuildConfiguration;
			buildSettings = {
				ASSETCATALOG_COMPILER_APPICON_NAME = AppIcon;
				CODE_SIGN_STYLE = Automatic;
				DEVELOPMENT_TEAM = 8457254V38;
				INFOPLIST_FILE = GitCollab/Info.plist;
				LD_RUNPATH_SEARCH_PATHS = (
					"$(inherited)",
					"@executable_path/Frameworks",
				);
				PRODUCT_BUNDLE_IDENTIFIER = Kyla.GitCollab;
				PRODUCT_NAME = "$(TARGET_NAME)";
				SWIFT_VERSION = 4.0;
				TARGETED_DEVICE_FAMILY = "1,2";
			};
			name = Release;
		};
		255B24C8212CD20200FC959C /* Debug */ = {
			isa = XCBuildConfiguration;
			buildSettings = {
				ALWAYS_EMBED_SWIFT_STANDARD_LIBRARIES = YES;
				BUNDLE_LOADER = "$(TEST_HOST)";
				CODE_SIGN_STYLE = Automatic;
				DEVELOPMENT_TEAM = 8457254V38;
				INFOPLIST_FILE = GitCollabTests/Info.plist;
				LD_RUNPATH_SEARCH_PATHS = (
					"$(inherited)",
					"@executable_path/Frameworks",
					"@loader_path/Frameworks",
				);
				PRODUCT_BUNDLE_IDENTIFIER = Kyla.GitCollabTests;
				PRODUCT_NAME = "$(TARGET_NAME)";
				SWIFT_VERSION = 4.0;
				TARGETED_DEVICE_FAMILY = "1,2";
				TEST_HOST = "$(BUILT_PRODUCTS_DIR)/GitCollab.app/GitCollab";
			};
			name = Debug;
		};
		255B24C9212CD20200FC959C /* Release */ = {
			isa = XCBuildConfiguration;
			buildSettings = {
				ALWAYS_EMBED_SWIFT_STANDARD_LIBRARIES = YES;
				BUNDLE_LOADER = "$(TEST_HOST)";
				CODE_SIGN_STYLE = Automatic;
				DEVELOPMENT_TEAM = 8457254V38;
				INFOPLIST_FILE = GitCollabTests/Info.plist;
				LD_RUNPATH_SEARCH_PATHS = (
					"$(inherited)",
					"@executable_path/Frameworks",
					"@loader_path/Frameworks",
				);
				PRODUCT_BUNDLE_IDENTIFIER = Kyla.GitCollabTests;
				PRODUCT_NAME = "$(TARGET_NAME)";
				SWIFT_VERSION = 4.0;
				TARGETED_DEVICE_FAMILY = "1,2";
				TEST_HOST = "$(BUILT_PRODUCTS_DIR)/GitCollab.app/GitCollab";
			};
			name = Release;
		};
		255B24CB212CD20200FC959C /* Debug */ = {
			isa = XCBuildConfiguration;
			buildSettings = {
				ALWAYS_EMBED_SWIFT_STANDARD_LIBRARIES = YES;
				CODE_SIGN_STYLE = Automatic;
				DEVELOPMENT_TEAM = 8457254V38;
				INFOPLIST_FILE = GitCollabUITests/Info.plist;
				LD_RUNPATH_SEARCH_PATHS = (
					"$(inherited)",
					"@executable_path/Frameworks",
					"@loader_path/Frameworks",
				);
				PRODUCT_BUNDLE_IDENTIFIER = Kyla.GitCollabUITests;
				PRODUCT_NAME = "$(TARGET_NAME)";
				SWIFT_VERSION = 4.0;
				TARGETED_DEVICE_FAMILY = "1,2";
				TEST_TARGET_NAME = GitCollab;
			};
			name = Debug;
		};
		255B24CC212CD20200FC959C /* Release */ = {
			isa = XCBuildConfiguration;
			buildSettings = {
				ALWAYS_EMBED_SWIFT_STANDARD_LIBRARIES = YES;
				CODE_SIGN_STYLE = Automatic;
				DEVELOPMENT_TEAM = 8457254V38;
				INFOPLIST_FILE = GitCollabUITests/Info.plist;
				LD_RUNPATH_SEARCH_PATHS = (
					"$(inherited)",
					"@executable_path/Frameworks",
					"@loader_path/Frameworks",
				);
				PRODUCT_BUNDLE_IDENTIFIER = Kyla.GitCollabUITests;
				PRODUCT_NAME = "$(TARGET_NAME)";
				SWIFT_VERSION = 4.0;
				TARGETED_DEVICE_FAMILY = "1,2";
				TEST_TARGET_NAME = GitCollab;
			};
			name = Release;
		};
/* End XCBuildConfiguration section */

/* Begin XCConfigurationList section */
		255B2497212CD20100FC959C /* Build configuration list for PBXProject "GitCollab" */ = {
			isa = XCConfigurationList;
			buildConfigurations = (
				255B24C2212CD20200FC959C /* Debug */,
				255B24C3212CD20200FC959C /* Release */,
			);
			defaultConfigurationIsVisible = 0;
			defaultConfigurationName = Release;
		};
		255B24C4212CD20200FC959C /* Build configuration list for PBXNativeTarget "GitCollab" */ = {
			isa = XCConfigurationList;
			buildConfigurations = (
				255B24C5212CD20200FC959C /* Debug */,
				255B24C6212CD20200FC959C /* Release */,
			);
			defaultConfigurationIsVisible = 0;
			defaultConfigurationName = Release;
		};
		255B24C7212CD20200FC959C /* Build configuration list for PBXNativeTarget "GitCollabTests" */ = {
			isa = XCConfigurationList;
			buildConfigurations = (
				255B24C8212CD20200FC959C /* Debug */,
				255B24C9212CD20200FC959C /* Release */,
			);
			defaultConfigurationIsVisible = 0;
			defaultConfigurationName = Release;
		};
		255B24CA212CD20200FC959C /* Build configuration list for PBXNativeTarget "GitCollabUITests" */ = {
			isa = XCConfigurationList;
			buildConfigurations = (
				255B24CB212CD20200FC959C /* Debug */,
				255B24CC212CD20200FC959C /* Release */,
			);
			defaultConfigurationIsVisible = 0;
			defaultConfigurationName = Release;
		};
/* End XCConfigurationList section */
	};
	rootObject = 255B2494212CD20100FC959C /* Project object */;
}
